
Microsoft Visual Studio Solution File, Format Version 12.00
# Visual Studio Version 17
VisualStudioVersion = 17.8.34309.116
MinimumVisualStudioVersion = 10.0.40219.1
Project("{FAE04EC0-301F-11D3-BF4B-00C04F79EFBC}") = "PetShop", "PetShop\PetShop.csproj", "{68D723A9-FD22-4CA2-998E-46AC06F7D075}"
EndProject
Global
	GlobalSection(SolutionConfigurationPlatforms) = preSolution
		Debug|Any CPU = Debug|Any CPU
		Release|Any CPU = Release|Any CPU
	EndGlobalSection
	GlobalSection(ProjectConfigurationPlatforms) = postSolution
		{68D723A9-FD22-4CA2-998E-46AC06F7D075}.Debug|Any CPU.ActiveCfg = Debug|Any CPU
		{68D723A9-FD22-4CA2-998E-46AC06F7D075}.Debug|Any CPU.Build.0 = Debug|Any CPU
		{68D723A9-FD22-4CA2-998E-46AC06F7D075}.Release|Any CPU.ActiveCfg = Release|Any CPU
		{68D723A9-FD22-4CA2-998E-46AC06F7D075}.Release|Any CPU.Build.0 = Release|Any CPU
	EndGlobalSection
	GlobalSection(SolutionProperties) = preSolution
		HideSolutionNode = FALSE
	EndGlobalSection
	GlobalSection(ExtensibilityGlobals) = postSolution
		SolutionGuid = {644AC889-DCC9-4614-B63B-48FD26FCDCAA}
	EndGlobalSection
EndGlobal
